<?xml version="1.0" encoding="utf-8"?>
<Project ToolsVersion="4.0" xmlns="http://schemas.microsoft.com/developer/msbuild/2003">
  <ItemGroup>
    <ClCompile Include="main.cpp" />
    <ClCompile Include="Views\UI.cpp" />
  </ItemGroup>
  <ItemGroup>
    <ClInclude Include="Views\UI.h" />
    <ClInclude Include="Models\Book.h" />
    <ClInclude Include="Models\Customer.h" />
    <ClInclude Include="Models\Seller.h" />
    <ClInclude Include="Managers\UserManager.h" />
    <ClInclude Include="Managers\BookManager.h" />
    <ClInclude Include="Models\User.h" />
    <ClInclude Include="Managers\StockManager.h" />
    <ClInclude Include="Models\Book_Stock.h" />
    <ClInclude Include="Models\Rating.h" />
    <ClInclude Include="Repositories\IBookRepository.h" />
    <ClInclude Include="Repositories\RamBookRepository.h" />
  </ItemGroup>
</Project>